// !$*UTF8*$!
{
	archiveVersion = 1;
	classes = {
	};
	objectVersion = 50;
	objects = {

/* Begin PBXBuildFile section */
		F30C4E8225BC4424005BC117 /* AppDelegate.swift in Sources */ = {isa = PBXBuildFile; fileRef = F30C4E8125BC4424005BC117 /* AppDelegate.swift */; };
		F30C4E8925BC4424005BC117 /* Main.storyboard in Resources */ = {isa = PBXBuildFile; fileRef = F30C4E8725BC4424005BC117 /* Main.storyboard */; };
		F30C4E8B25BC4429005BC117 /* Assets.xcassets in Resources */ = {isa = PBXBuildFile; fileRef = F30C4E8A25BC4429005BC117 /* Assets.xcassets */; };
		F30C4E8E25BC4429005BC117 /* LaunchScreen.storyboard in Resources */ = {isa = PBXBuildFile; fileRef = F30C4E8C25BC4429005BC117 /* LaunchScreen.storyboard */; };
		F30C4E9E25BC4A5F005BC117 /* ImagesViewController.swift in Sources */ = {isa = PBXBuildFile; fileRef = F30C4E9D25BC4A5F005BC117 /* ImagesViewController.swift */; };
		F30C4EA225BC4B46005BC117 /* ImageLoader.swift in Sources */ = {isa = PBXBuildFile; fileRef = F30C4EA125BC4B46005BC117 /* ImageLoader.swift */; };
		F30C4EB025BC5F75005BC117 /* ImageCell.swift in Sources */ = {isa = PBXBuildFile; fileRef = F30C4EAF25BC5F75005BC117 /* ImageCell.swift */; };
		F30C4EC325BCA64E005BC117 /* NetworkRequestError.swift in Sources */ = {isa = PBXBuildFile; fileRef = F30C4EC225BCA64E005BC117 /* NetworkRequestError.swift */; };
		F30C4ECA25BCCDB5005BC117 /* ImagesViewModel.swift in Sources */ = {isa = PBXBuildFile; fileRef = F30C4EC925BCCDB5005BC117 /* ImagesViewModel.swift */; };
		F30C4ECE25BD6AC2005BC117 /* ImageCellViewModel.swift in Sources */ = {isa = PBXBuildFile; fileRef = F30C4ECD25BD6AC2005BC117 /* ImageCellViewModel.swift */; };
		F30C4ED225BDA4D6005BC117 /* Section.swift in Sources */ = {isa = PBXBuildFile; fileRef = F30C4ED125BDA4D6005BC117 /* Section.swift */; };
		F30C4EE725BDF536005BC117 /* ImagesViewModelTests.swift in Sources */ = {isa = PBXBuildFile; fileRef = F30C4EE625BDF536005BC117 /* ImagesViewModelTests.swift */; };
		F30C4EF325BEA714005BC117 /* Item.swift in Sources */ = {isa = PBXBuildFile; fileRef = F30C4EF225BEA714005BC117 /* Item.swift */; };
		F30C4F0F25BF1B28005BC117 /* ItemTests.swift in Sources */ = {isa = PBXBuildFile; fileRef = F30C4F0E25BF1B28005BC117 /* ItemTests.swift */; };
/* End PBXBuildFile section */

/* Begin PBXContainerItemProxy section */
		F30C4EE925BDF536005BC117 /* PBXContainerItemProxy */ = {
			isa = PBXContainerItemProxy;
			containerPortal = F30C4E7625BC4423005BC117 /* Project object */;
			proxyType = 1;
			remoteGlobalIDString = F30C4E7D25BC4424005BC117;
			remoteInfo = ProstoTestings;
		};
/* End PBXContainerItemProxy section */

/* Begin PBXFileReference section */
		F30C4E7E25BC4424005BC117 /* ProstoTestings.app */ = {isa = PBXFileReference; explicitFileType = wrapper.application; includeInIndex = 0; path = ProstoTestings.app; sourceTree = BUILT_PRODUCTS_DIR; };
		F30C4E8125BC4424005BC117 /* AppDelegate.swift */ = {isa = PBXFileReference; lastKnownFileType = sourcecode.swift; path = AppDelegate.swift; sourceTree = "<group>"; };
		F30C4E8825BC4424005BC117 /* Base */ = {isa = PBXFileReference; lastKnownFileType = file.storyboard; name = Base; path = Base.lproj/Main.storyboard; sourceTree = "<group>"; };
		F30C4E8A25BC4429005BC117 /* Assets.xcassets */ = {isa = PBXFileReference; lastKnownFileType = folder.assetcatalog; path = Assets.xcassets; sourceTree = "<group>"; };
		F30C4E8D25BC4429005BC117 /* Base */ = {isa = PBXFileReference; lastKnownFileType = file.storyboard; name = Base; path = Base.lproj/LaunchScreen.storyboard; sourceTree = "<group>"; };
		F30C4E8F25BC4429005BC117 /* Info.plist */ = {isa = PBXFileReference; lastKnownFileType = text.plist.xml; path = Info.plist; sourceTree = "<group>"; };
		F30C4E9D25BC4A5F005BC117 /* ImagesViewController.swift */ = {isa = PBXFileReference; lastKnownFileType = sourcecode.swift; path = ImagesViewController.swift; sourceTree = "<group>"; };
		F30C4EA125BC4B46005BC117 /* ImageLoader.swift */ = {isa = PBXFileReference; lastKnownFileType = sourcecode.swift; path = ImageLoader.swift; sourceTree = "<group>"; };
		F30C4EAF25BC5F75005BC117 /* ImageCell.swift */ = {isa = PBXFileReference; lastKnownFileType = sourcecode.swift; path = ImageCell.swift; sourceTree = "<group>"; };
		F30C4EC225BCA64E005BC117 /* NetworkRequestError.swift */ = {isa = PBXFileReference; lastKnownFileType = sourcecode.swift; path = NetworkRequestError.swift; sourceTree = "<group>"; };
		F30C4EC925BCCDB5005BC117 /* ImagesViewModel.swift */ = {isa = PBXFileReference; lastKnownFileType = sourcecode.swift; path = ImagesViewModel.swift; sourceTree = "<group>"; };
		F30C4ECD25BD6AC2005BC117 /* ImageCellViewModel.swift */ = {isa = PBXFileReference; lastKnownFileType = sourcecode.swift; path = ImageCellViewModel.swift; sourceTree = "<group>"; };
		F30C4ED125BDA4D6005BC117 /* Section.swift */ = {isa = PBXFileReference; lastKnownFileType = sourcecode.swift; path = Section.swift; sourceTree = "<group>"; };
		F30C4EE425BDF535005BC117 /* ProstoTestingsTests.xctest */ = {isa = PBXFileReference; explicitFileType = wrapper.cfbundle; includeInIndex = 0; path = ProstoTestingsTests.xctest; sourceTree = BUILT_PRODUCTS_DIR; };
		F30C4EE625BDF536005BC117 /* ImagesViewModelTests.swift */ = {isa = PBXFileReference; lastKnownFileType = sourcecode.swift; path = ImagesViewModelTests.swift; sourceTree = "<group>"; };
		F30C4EE825BDF536005BC117 /* Info.plist */ = {isa = PBXFileReference; lastKnownFileType = text.plist.xml; path = Info.plist; sourceTree = "<group>"; };
		F30C4EF225BEA714005BC117 /* Item.swift */ = {isa = PBXFileReference; lastKnownFileType = sourcecode.swift; path = Item.swift; sourceTree = "<group>"; };
		F30C4F0E25BF1B28005BC117 /* ItemTests.swift */ = {isa = PBXFileReference; lastKnownFileType = sourcecode.swift; path = ItemTests.swift; sourceTree = "<group>"; };
/* End PBXFileReference section */

/* Begin PBXFrameworksBuildPhase section */
		F30C4E7B25BC4424005BC117 /* Frameworks */ = {
			isa = PBXFrameworksBuildPhase;
			buildActionMask = 2147483647;
			files = (
			);
			runOnlyForDeploymentPostprocessing = 0;
		};
		F30C4EE125BDF535005BC117 /* Frameworks */ = {
			isa = PBXFrameworksBuildPhase;
			buildActionMask = 2147483647;
			files = (
			);
			runOnlyForDeploymentPostprocessing = 0;
		};
/* End PBXFrameworksBuildPhase section */

/* Begin PBXGroup section */
		F30C4E7525BC4423005BC117 = {
			isa = PBXGroup;
			children = (
				F30C4E8025BC4424005BC117 /* ProstoTestings */,
				F30C4EE525BDF535005BC117 /* ProstoTestingsTests */,
				F30C4E7F25BC4424005BC117 /* Products */,
			);
			sourceTree = "<group>";
		};
		F30C4E7F25BC4424005BC117 /* Products */ = {
			isa = PBXGroup;
			children = (
				F30C4E7E25BC4424005BC117 /* ProstoTestings.app */,
				F30C4EE425BDF535005BC117 /* ProstoTestingsTests.xctest */,
			);
			name = Products;
			sourceTree = "<group>";
		};
		F30C4E8025BC4424005BC117 /* ProstoTestings */ = {
			isa = PBXGroup;
			children = (
				F30C4EAA25BC50D1005BC117 /* Storyboard */,
				F30C4ED025BDA4B9005BC117 /* Model */,
				F30C4E9C25BC4A14005BC117 /* Images */,
				F30C4E9825BC49D9005BC117 /* Services */,
				F30C4E9625BC45A9005BC117 /* SupportingFiles */,
				F30C4E8F25BC4429005BC117 /* Info.plist */,
				F30C4E8A25BC4429005BC117 /* Assets.xcassets */,
			);
			path = ProstoTestings;
			sourceTree = "<group>";
		};
		F30C4E9625BC45A9005BC117 /* SupportingFiles */ = {
			isa = PBXGroup;
			children = (
				F30C4E8125BC4424005BC117 /* AppDelegate.swift */,
			);
			path = SupportingFiles;
			sourceTree = "<group>";
		};
		F30C4E9825BC49D9005BC117 /* Services */ = {
			isa = PBXGroup;
			children = (
				F30C4EA125BC4B46005BC117 /* ImageLoader.swift */,
				F30C4EC225BCA64E005BC117 /* NetworkRequestError.swift */,
			);
			path = Services;
			sourceTree = "<group>";
		};
		F30C4E9C25BC4A14005BC117 /* Images */ = {
			isa = PBXGroup;
			children = (
				F30C4EAE25BC5F35005BC117 /* ImageCell */,
				F30C4E9D25BC4A5F005BC117 /* ImagesViewController.swift */,
				F30C4EC925BCCDB5005BC117 /* ImagesViewModel.swift */,
			);
			path = Images;
			sourceTree = "<group>";
		};
		F30C4EAA25BC50D1005BC117 /* Storyboard */ = {
			isa = PBXGroup;
			children = (
				F30C4E8725BC4424005BC117 /* Main.storyboard */,
				F30C4E8C25BC4429005BC117 /* LaunchScreen.storyboard */,
			);
			path = Storyboard;
			sourceTree = "<group>";
		};
		F30C4EAE25BC5F35005BC117 /* ImageCell */ = {
			isa = PBXGroup;
			children = (
				F30C4EAF25BC5F75005BC117 /* ImageCell.swift */,
				F30C4ECD25BD6AC2005BC117 /* ImageCellViewModel.swift */,
			);
			path = ImageCell;
			sourceTree = "<group>";
		};
		F30C4ED025BDA4B9005BC117 /* Model */ = {
			isa = PBXGroup;
			children = (
				F30C4ED125BDA4D6005BC117 /* Section.swift */,
				F30C4EF225BEA714005BC117 /* Item.swift */,
			);
			path = Model;
			sourceTree = "<group>";
		};
		F30C4EE525BDF535005BC117 /* ProstoTestingsTests */ = {
			isa = PBXGroup;
			children = (
				F30C4F0E25BF1B28005BC117 /* ItemTests.swift */,
				F30C4EE625BDF536005BC117 /* ImagesViewModelTests.swift */,
				F30C4EE825BDF536005BC117 /* Info.plist */,
			);
			path = ProstoTestingsTests;
			sourceTree = "<group>";
		};
/* End PBXGroup section */

/* Begin PBXNativeTarget section */
		F30C4E7D25BC4424005BC117 /* ProstoTestings */ = {
			isa = PBXNativeTarget;
			buildConfigurationList = F30C4E9225BC4429005BC117 /* Build configuration list for PBXNativeTarget "ProstoTestings" */;
			buildPhases = (
				F30C4E7A25BC4424005BC117 /* Sources */,
				F30C4E7B25BC4424005BC117 /* Frameworks */,
				F30C4E7C25BC4424005BC117 /* Resources */,
			);
			buildRules = (
			);
			dependencies = (
			);
			name = ProstoTestings;
			productName = ProstoTestings;
			productReference = F30C4E7E25BC4424005BC117 /* ProstoTestings.app */;
			productType = "com.apple.product-type.application";
		};
		F30C4EE325BDF535005BC117 /* ProstoTestingsTests */ = {
			isa = PBXNativeTarget;
			buildConfigurationList = F30C4EEB25BDF536005BC117 /* Build configuration list for PBXNativeTarget "ProstoTestingsTests" */;
			buildPhases = (
				F30C4EE025BDF535005BC117 /* Sources */,
				F30C4EE125BDF535005BC117 /* Frameworks */,
				F30C4EE225BDF535005BC117 /* Resources */,
			);
			buildRules = (
			);
			dependencies = (
				F30C4EEA25BDF536005BC117 /* PBXTargetDependency */,
			);
			name = ProstoTestingsTests;
			productName = ProstoTestingsTests;
			productReference = F30C4EE425BDF535005BC117 /* ProstoTestingsTests.xctest */;
			productType = "com.apple.product-type.bundle.unit-test";
		};
/* End PBXNativeTarget section */

/* Begin PBXProject section */
		F30C4E7625BC4423005BC117 /* Project object */ = {
			isa = PBXProject;
			attributes = {
				LastSwiftUpdateCheck = 1230;
				LastUpgradeCheck = 1230;
				TargetAttributes = {
					F30C4E7D25BC4424005BC117 = {
						CreatedOnToolsVersion = 12.3;
					};
					F30C4EE325BDF535005BC117 = {
						CreatedOnToolsVersion = 12.3;
						TestTargetID = F30C4E7D25BC4424005BC117;
					};
				};
			};
			buildConfigurationList = F30C4E7925BC4423005BC117 /* Build configuration list for PBXProject "ProstoTestings" */;
			compatibilityVersion = "Xcode 9.3";
			developmentRegion = en;
			hasScannedForEncodings = 0;
			knownRegions = (
				en,
				Base,
			);
			mainGroup = F30C4E7525BC4423005BC117;
			productRefGroup = F30C4E7F25BC4424005BC117 /* Products */;
			projectDirPath = "";
			projectRoot = "";
			targets = (
				F30C4E7D25BC4424005BC117 /* ProstoTestings */,
				F30C4EE325BDF535005BC117 /* ProstoTestingsTests */,
			);
		};
/* End PBXProject section */

/* Begin PBXResourcesBuildPhase section */
		F30C4E7C25BC4424005BC117 /* Resources */ = {
			isa = PBXResourcesBuildPhase;
			buildActionMask = 2147483647;
			files = (
				F30C4E8E25BC4429005BC117 /* LaunchScreen.storyboard in Resources */,
				F30C4E8B25BC4429005BC117 /* Assets.xcassets in Resources */,
				F30C4E8925BC4424005BC117 /* Main.storyboard in Resources */,
			);
			runOnlyForDeploymentPostprocessing = 0;
		};
		F30C4EE225BDF535005BC117 /* Resources */ = {
			isa = PBXResourcesBuildPhase;
			buildActionMask = 2147483647;
			files = (
			);
			runOnlyForDeploymentPostprocessing = 0;
		};
/* End PBXResourcesBuildPhase section */

/* Begin PBXSourcesBuildPhase section */
		F30C4E7A25BC4424005BC117 /* Sources */ = {
			isa = PBXSourcesBuildPhase;
			buildActionMask = 2147483647;
			files = (
				F30C4EF325BEA714005BC117 /* Item.swift in Sources */,
				F30C4E9E25BC4A5F005BC117 /* ImagesViewController.swift in Sources */,
				F30C4EA225BC4B46005BC117 /* ImageLoader.swift in Sources */,
				F30C4ECA25BCCDB5005BC117 /* ImagesViewModel.swift in Sources */,
				F30C4E8225BC4424005BC117 /* AppDelegate.swift in Sources */,
				F30C4ED225BDA4D6005BC117 /* Section.swift in Sources */,
				F30C4ECE25BD6AC2005BC117 /* ImageCellViewModel.swift in Sources */,
				F30C4EC325BCA64E005BC117 /* NetworkRequestError.swift in Sources */,
				F30C4EB025BC5F75005BC117 /* ImageCell.swift in Sources */,
			);
			runOnlyForDeploymentPostprocessing = 0;
		};
		F30C4EE025BDF535005BC117 /* Sources */ = {
			isa = PBXSourcesBuildPhase;
			buildActionMask = 2147483647;
			files = (
				F30C4EE725BDF536005BC117 /* ImagesViewModelTests.swift in Sources */,
				F30C4F0F25BF1B28005BC117 /* ItemTests.swift in Sources */,
			);
			runOnlyForDeploymentPostprocessing = 0;
		};
/* End PBXSourcesBuildPhase section */

/* Begin PBXTargetDependency section */
		F30C4EEA25BDF536005BC117 /* PBXTargetDependency */ = {
			isa = PBXTargetDependency;
			target = F30C4E7D25BC4424005BC117 /* ProstoTestings */;
			targetProxy = F30C4EE925BDF536005BC117 /* PBXContainerItemProxy */;
		};
/* End PBXTargetDependency section */

/* Begin PBXVariantGroup section */
		F30C4E8725BC4424005BC117 /* Main.storyboard */ = {
			isa = PBXVariantGroup;
			children = (
				F30C4E8825BC4424005BC117 /* Base */,
			);
			name = Main.storyboard;
			sourceTree = "<group>";
		};
		F30C4E8C25BC4429005BC117 /* LaunchScreen.storyboard */ = {
			isa = PBXVariantGroup;
			children = (
				F30C4E8D25BC4429005BC117 /* Base */,
			);
			name = LaunchScreen.storyboard;
			sourceTree = "<group>";
		};
/* End PBXVariantGroup section */

/* Begin XCBuildConfiguration section */
		F30C4E9025BC4429005BC117 /* Debug */ = {
			isa = XCBuildConfiguration;
			buildSettings = {
				ALWAYS_SEARCH_USER_PATHS = NO;
				CLANG_ANALYZER_NONNULL = YES;
				CLANG_ANALYZER_NUMBER_OBJECT_CONVERSION = YES_AGGRESSIVE;
				CLANG_CXX_LANGUAGE_STANDARD = "gnu++14";
				CLANG_CXX_LIBRARY = "libc++";
				CLANG_ENABLE_MODULES = YES;
				CLANG_ENABLE_OBJC_ARC = YES;
				CLANG_ENABLE_OBJC_WEAK = YES;
				CLANG_WARN_BLOCK_CAPTURE_AUTORELEASING = YES;
				CLANG_WARN_BOOL_CONVERSION = YES;
				CLANG_WARN_COMMA = YES;
				CLANG_WARN_CONSTANT_CONVERSION = YES;
				CLANG_WARN_DEPRECATED_OBJC_IMPLEMENTATIONS = YES;
				CLANG_WARN_DIRECT_OBJC_ISA_USAGE = YES_ERROR;
				CLANG_WARN_DOCUMENTATION_COMMENTS = YES;
				CLANG_WARN_EMPTY_BODY = YES;
				CLANG_WARN_ENUM_CONVERSION = YES;
				CLANG_WARN_INFINITE_RECURSION = YES;
				CLANG_WARN_INT_CONVERSION = YES;
				CLANG_WARN_NON_LITERAL_NULL_CONVERSION = YES;
				CLANG_WARN_OBJC_IMPLICIT_RETAIN_SELF = YES;
				CLANG_WARN_OBJC_LITERAL_CONVERSION = YES;
				CLANG_WARN_OBJC_ROOT_CLASS = YES_ERROR;
				CLANG_WARN_QUOTED_INCLUDE_IN_FRAMEWORK_HEADER = YES;
				CLANG_WARN_RANGE_LOOP_ANALYSIS = YES;
				CLANG_WARN_STRICT_PROTOTYPES = YES;
				CLANG_WARN_SUSPICIOUS_MOVE = YES;
				CLANG_WARN_UNGUARDED_AVAILABILITY = YES_AGGRESSIVE;
				CLANG_WARN_UNREACHABLE_CODE = YES;
				CLANG_WARN__DUPLICATE_METHOD_MATCH = YES;
				COPY_PHASE_STRIP = NO;
				DEBUG_INFORMATION_FORMAT = dwarf;
				ENABLE_STRICT_OBJC_MSGSEND = YES;
				ENABLE_TESTABILITY = YES;
				GCC_C_LANGUAGE_STANDARD = gnu11;
				GCC_DYNAMIC_NO_PIC = NO;
				GCC_NO_COMMON_BLOCKS = YES;
				GCC_OPTIMIZATION_LEVEL = 0;
				GCC_PREPROCESSOR_DEFINITIONS = (
					"DEBUG=1",
					"$(inherited)",
				);
				GCC_WARN_64_TO_32_BIT_CONVERSION = YES;
				GCC_WARN_ABOUT_RETURN_TYPE = YES_ERROR;
				GCC_WARN_UNDECLARED_SELECTOR = YES;
				GCC_WARN_UNINITIALIZED_AUTOS = YES_AGGRESSIVE;
				GCC_WARN_UNUSED_FUNCTION = YES;
				GCC_WARN_UNUSED_VARIABLE = YES;
				IPHONEOS_DEPLOYMENT_TARGET = 14.3;
				MTL_ENABLE_DEBUG_INFO = INCLUDE_SOURCE;
				MTL_FAST_MATH = YES;
				ONLY_ACTIVE_ARCH = YES;
				SDKROOT = iphoneos;
				SWIFT_ACTIVE_COMPILATION_CONDITIONS = DEBUG;
				SWIFT_OPTIMIZATION_LEVEL = "-Onone";
			};
			name = Debug;
		};
		F30C4E9125BC4429005BC117 /* Release */ = {
			isa = XCBuildConfiguration;
			buildSettings = {
				ALWAYS_SEARCH_USER_PATHS = NO;
				CLANG_ANALYZER_NONNULL = YES;
				CLANG_ANALYZER_NUMBER_OBJECT_CONVERSION = YES_AGGRESSIVE;
				CLANG_CXX_LANGUAGE_STANDARD = "gnu++14";
				CLANG_CXX_LIBRARY = "libc++";
				CLANG_ENABLE_MODULES = YES;
				CLANG_ENABLE_OBJC_ARC = YES;
				CLANG_ENABLE_OBJC_WEAK = YES;
				CLANG_WARN_BLOCK_CAPTURE_AUTORELEASING = YES;
				CLANG_WARN_BOOL_CONVERSION = YES;
				CLANG_WARN_COMMA = YES;
				CLANG_WARN_CONSTANT_CONVERSION = YES;
				CLANG_WARN_DEPRECATED_OBJC_IMPLEMENTATIONS = YES;
				CLANG_WARN_DIRECT_OBJC_ISA_USAGE = YES_ERROR;
				CLANG_WARN_DOCUMENTATION_COMMENTS = YES;
				CLANG_WARN_EMPTY_BODY = YES;
				CLANG_WARN_ENUM_CONVERSION = YES;
				CLANG_WARN_INFINITE_RECURSION = YES;
				CLANG_WARN_INT_CONVERSION = YES;
				CLANG_WARN_NON_LITERAL_NULL_CONVERSION = YES;
				CLANG_WARN_OBJC_IMPLICIT_RETAIN_SELF = YES;
				CLANG_WARN_OBJC_LITERAL_CONVERSION = YES;
				CLANG_WARN_OBJC_ROOT_CLASS = YES_ERROR;
				CLANG_WARN_QUOTED_INCLUDE_IN_FRAMEWORK_HEADER = YES;
				CLANG_WARN_RANGE_LOOP_ANALYSIS = YES;
				CLANG_WARN_STRICT_PROTOTYPES = YES;
				CLANG_WARN_SUSPICIOUS_MOVE = YES;
				CLANG_WARN_UNGUARDED_AVAILABILITY = YES_AGGRESSIVE;
				CLANG_WARN_UNREACHABLE_CODE = YES;
				CLANG_WARN__DUPLICATE_METHOD_MATCH = YES;
				COPY_PHASE_STRIP = NO;
				DEBUG_INFORMATION_FORMAT = "dwarf-with-dsym";
				ENABLE_NS_ASSERTIONS = NO;
				ENABLE_STRICT_OBJC_MSGSEND = YES;
				GCC_C_LANGUAGE_STANDARD = gnu11;
				GCC_NO_COMMON_BLOCKS = YES;
				GCC_WARN_64_TO_32_BIT_CONVERSION = YES;
				GCC_WARN_ABOUT_RETURN_TYPE = YES_ERROR;
				GCC_WARN_UNDECLARED_SELECTOR = YES;
				GCC_WARN_UNINITIALIZED_AUTOS = YES_AGGRESSIVE;
				GCC_WARN_UNUSED_FUNCTION = YES;
				GCC_WARN_UNUSED_VARIABLE = YES;
				IPHONEOS_DEPLOYMENT_TARGET = 14.3;
				MTL_ENABLE_DEBUG_INFO = NO;
				MTL_FAST_MATH = YES;
				SDKROOT = iphoneos;
				SWIFT_COMPILATION_MODE = wholemodule;
				SWIFT_OPTIMIZATION_LEVEL = "-O";
				VALIDATE_PRODUCT = YES;
			};
			name = Release;
		};
		F30C4E9325BC4429005BC117 /* Debug */ = {
			isa = XCBuildConfiguration;
			buildSettings = {
				ASSETCATALOG_COMPILER_APPICON_NAME = AppIcon;
				ASSETCATALOG_COMPILER_GLOBAL_ACCENT_COLOR_NAME = AccentColor;
				CODE_SIGN_STYLE = Automatic;
				DEVELOPMENT_TEAM = 67ZSXZ9YX9;
				INFOPLIST_FILE = ProstoTestings/Info.plist;
				IPHONEOS_DEPLOYMENT_TARGET = 14.0;
				LD_RUNPATH_SEARCH_PATHS = (
					"$(inherited)",
					"@executable_path/Frameworks",
				);
				PRODUCT_BUNDLE_IDENTIFIER = com.hibercontechnologies.ProstoTestings;
				PRODUCT_NAME = "$(TARGET_NAME)";
				SWIFT_VERSION = 5.0;
				TARGETED_DEVICE_FAMILY = 1;
			};
			name = Debug;
		};
		F30C4E9425BC4429005BC117 /* Release */ = {
			isa = XCBuildConfiguration;
			buildSettings = {
				ASSETCATALOG_COMPILER_APPICON_NAME = AppIcon;
				ASSETCATALOG_COMPILER_GLOBAL_ACCENT_COLOR_NAME = AccentColor;
				CODE_SIGN_STYLE = Automatic;
				DEVELOPMENT_TEAM = 67ZSXZ9YX9;
				INFOPLIST_FILE = ProstoTestings/Info.plist;
				IPHONEOS_DEPLOYMENT_TARGET = 14.0;
				LD_RUNPATH_SEARCH_PATHS = (
					"$(inherited)",
					"@executable_path/Frameworks",
				);
				PRODUCT_BUNDLE_IDENTIFIER = com.hibercontechnologies.ProstoTestings;
				PRODUCT_NAME = "$(TARGET_NAME)";
				SWIFT_VERSION = 5.0;
				TARGETED_DEVICE_FAMILY = 1;
			};
			name = Release;
		};
		F30C4EEC25BDF536005BC117 /* Debug */ = {
			isa = XCBuildConfiguration;
			buildSettings = {
				BUNDLE_LOADER = "$(TEST_HOST)";
				CODE_SIGN_STYLE = Automatic;
				DEVELOPMENT_TEAM = 67ZSXZ9YX9;
				INFOPLIST_FILE = ProstoTestingsTests/Info.plist;
				LD_RUNPATH_SEARCH_PATHS = (
					"$(inherited)",
					"@executable_path/Frameworks",
					"@loader_path/Frameworks",
				);
				PRODUCT_BUNDLE_IDENTIFIER = com.hibercontechnologies.ProstoTestingsTests;
				PRODUCT_NAME = "$(TARGET_NAME)";
				SWIFT_VERSION = 5.0;
				TARGETED_DEVICE_FAMILY = "1,2";
				TEST_HOST = "$(BUILT_PRODUCTS_DIR)/ProstoTestings.app/ProstoTestings";
			};
			name = Debug;
		};
		F30C4EED25BDF536005BC117 /* Release */ = {
			isa = XCBuildConfiguration;
			buildSettings = {
				BUNDLE_LOADER = "$(TEST_HOST)";
				CODE_SIGN_STYLE = Automatic;
				DEVELOPMENT_TEAM = 67ZSXZ9YX9;
				INFOPLIST_FILE = ProstoTestingsTests/Info.plist;
				LD_RUNPATH_SEARCH_PATHS = (
					"$(inherited)",
					"@executable_path/Frameworks",
					"@loader_path/Frameworks",
				);
				PRODUCT_BUNDLE_IDENTIFIER = com.hibercontechnologies.ProstoTestingsTests;
				PRODUCT_NAME = "$(TARGET_NAME)";
				SWIFT_VERSION = 5.0;
				TARGETED_DEVICE_FAMILY = "1,2";
				TEST_HOST = "$(BUILT_PRODUCTS_DIR)/ProstoTestings.app/ProstoTestings";
			};
			name = Release;
		};
/* End XCBuildConfiguration section */

/* Begin XCConfigurationList section */
		F30C4E7925BC4423005BC117 /* Build configuration list for PBXProject "ProstoTestings" */ = {
			isa = XCConfigurationList;
			buildConfigurations = (
				F30C4E9025BC4429005BC117 /* Debug */,
				F30C4E9125BC4429005BC117 /* Release */,
			);
			defaultConfigurationIsVisible = 0;
			defaultConfigurationName = Release;
		};
		F30C4E9225BC4429005BC117 /* Build configuration list for PBXNativeTarget "ProstoTestings" */ = {
			isa = XCConfigurationList;
			buildConfigurations = (
				F30C4E9325BC4429005BC117 /* Debug */,
				F30C4E9425BC4429005BC117 /* Release */,
			);
			defaultConfigurationIsVisible = 0;
			defaultConfigurationName = Release;
		};
		F30C4EEB25BDF536005BC117 /* Build configuration list for PBXNativeTarget "ProstoTestingsTests" */ = {
			isa = XCConfigurationList;
			buildConfigurations = (
				F30C4EEC25BDF536005BC117 /* Debug */,
				F30C4EED25BDF536005BC117 /* Release */,
			);
			defaultConfigurationIsVisible = 0;
			defaultConfigurationName = Release;
		};
/* End XCConfigurationList section */
	};
	rootObject = F30C4E7625BC4423005BC117 /* Project object */;
}
